
Microsoft Visual Studio Solution File, Format Version 12.00
# Visual Studio 15
VisualStudioVersion = 15.0.27703.2018
MinimumVisualStudioVersion = 10.0.40219.1
Project("{FAE04EC0-301F-11D3-BF4B-00C04F79EFBC}") = "libCanopenSimple", "libCanopenSimple.csproj", "{2FB81ADD-258F-4135-A9B9-17E2ACA2448E}"
	ProjectSection(ProjectDependencies) = postProject
		{D8A23079-A479-4E0E-9777-32EEF436549D} = {D8A23079-A479-4E0E-9777-32EEF436549D}
		{16C74D91-F858-4A70-9641-9228D80A24C0} = {16C74D91-F858-4A70-9641-9228D80A24C0}
		{8B5C2DDC-C5EC-4776-8EEE-CAC2365987B8} = {8B5C2DDC-C5EC-4776-8EEE-CAC2365987B8}
	EndProjectSection
EndProject
Project("{2150E333-8FDC-42A3-9474-1A3956D46DE8}") = "CanFestivalDrivers", "CanFestivalDrivers", "{B9AE808B-52B4-48EC-B38D-C8EFB2C567C6}"
EndProject
Project("{8BC9CEB8-8B4A-11D0-8D11-00A0C91BC942}") = "can_canusb_win32", "canfestivaldrivers\can_canusb_win32\can_canusb_win32.vc10.vcxproj", "{8B5C2DDC-C5EC-4776-8EEE-CAC2365987B8}"
EndProject
Project("{8BC9CEB8-8B4A-11D0-8D11-00A0C91BC942}") = "can_canusbd2xx_win32", "canfestivaldrivers\can_canusbd2xx_win32\can_canusbd2xx_win32.vc10.vcxproj", "{16C74D91-F858-4A70-9641-9228D80A24C0}"
EndProject
Project("{8BC9CEB8-8B4A-11D0-8D11-00A0C91BC942}") = "can_null_win32", "canfestivaldrivers\can_null_win32\can_null_win32.vc10.vcxproj", "{D8A23079-A479-4E0E-9777-32EEF436549D}"
EndProject
Global
	GlobalSection(SolutionConfigurationPlatforms) = preSolution
		Debug UNICODE|Any CPU = Debug UNICODE|Any CPU
		Debug UNICODE|x86 = Debug UNICODE|x86
		Debug|Any CPU = Debug|Any CPU
		Debug|x86 = Debug|x86
		Release UNICODE|Any CPU = Release UNICODE|Any CPU
		Release UNICODE|x86 = Release UNICODE|x86
		Release|Any CPU = Release|Any CPU
		Release|x86 = Release|x86
	EndGlobalSection
	GlobalSection(ProjectConfigurationPlatforms) = postSolution
		{2FB81ADD-258F-4135-A9B9-17E2ACA2448E}.Debug UNICODE|Any CPU.ActiveCfg = Debug|Any CPU
		{2FB81ADD-258F-4135-A9B9-17E2ACA2448E}.Debug UNICODE|Any CPU.Build.0 = Debug|Any CPU
		{2FB81ADD-258F-4135-A9B9-17E2ACA2448E}.Debug UNICODE|x86.ActiveCfg = Debug|Any CPU
		{2FB81ADD-258F-4135-A9B9-17E2ACA2448E}.Debug UNICODE|x86.Build.0 = Debug|Any CPU
		{2FB81ADD-258F-4135-A9B9-17E2ACA2448E}.Debug|Any CPU.ActiveCfg = Debug|Any CPU
		{2FB81ADD-258F-4135-A9B9-17E2ACA2448E}.Debug|Any CPU.Build.0 = Debug|Any CPU
		{2FB81ADD-258F-4135-A9B9-17E2ACA2448E}.Debug|x86.ActiveCfg = Debug|Any CPU
		{2FB81ADD-258F-4135-A9B9-17E2ACA2448E}.Debug|x86.Build.0 = Debug|Any CPU
		{2FB81ADD-258F-4135-A9B9-17E2ACA2448E}.Release UNICODE|Any CPU.ActiveCfg = Release|Any CPU
		{2FB81ADD-258F-4135-A9B9-17E2ACA2448E}.Release UNICODE|Any CPU.Build.0 = Release|Any CPU
		{2FB81ADD-258F-4135-A9B9-17E2ACA2448E}.Release UNICODE|x86.ActiveCfg = Release|Any CPU
		{2FB81ADD-258F-4135-A9B9-17E2ACA2448E}.Release UNICODE|x86.Build.0 = Release|Any CPU
		{2FB81ADD-258F-4135-A9B9-17E2ACA2448E}.Release|Any CPU.ActiveCfg = Release|Any CPU
		{2FB81ADD-258F-4135-A9B9-17E2ACA2448E}.Release|Any CPU.Build.0 = Release|Any CPU
		{2FB81ADD-258F-4135-A9B9-17E2ACA2448E}.Release|x86.ActiveCfg = Release|Any CPU
		{2FB81ADD-258F-4135-A9B9-17E2ACA2448E}.Release|x86.Build.0 = Release|Any CPU
		{8B5C2DDC-C5EC-4776-8EEE-CAC2365987B8}.Debug UNICODE|Any CPU.ActiveCfg = Release|Win32
		{8B5C2DDC-C5EC-4776-8EEE-CAC2365987B8}.Debug UNICODE|Any CPU.Build.0 = Release|Win32
		{8B5C2DDC-C5EC-4776-8EEE-CAC2365987B8}.Debug UNICODE|x86.ActiveCfg = Debug|Win32
		{8B5C2DDC-C5EC-4776-8EEE-CAC2365987B8}.Debug UNICODE|x86.Build.0 = Debug|Win32
		{8B5C2DDC-C5EC-4776-8EEE-CAC2365987B8}.Debug|Any CPU.ActiveCfg = Debug|Win32
		{8B5C2DDC-C5EC-4776-8EEE-CAC2365987B8}.Debug|Any CPU.Build.0 = Debug|Win32
		{8B5C2DDC-C5EC-4776-8EEE-CAC2365987B8}.Debug|x86.ActiveCfg = Debug|Win32
		{8B5C2DDC-C5EC-4776-8EEE-CAC2365987B8}.Debug|x86.Build.0 = Debug|Win32
		{8B5C2DDC-C5EC-4776-8EEE-CAC2365987B8}.Release UNICODE|Any CPU.ActiveCfg = Release|Win32
		{8B5C2DDC-C5EC-4776-8EEE-CAC2365987B8}.Release UNICODE|Any CPU.Build.0 = Release|Win32
		{8B5C2DDC-C5EC-4776-8EEE-CAC2365987B8}.Release UNICODE|x86.ActiveCfg = Release|Win32
		{8B5C2DDC-C5EC-4776-8EEE-CAC2365987B8}.Release UNICODE|x86.Build.0 = Release|Win32
		{8B5C2DDC-C5EC-4776-8EEE-CAC2365987B8}.Release|Any CPU.ActiveCfg = Release|Win32
		{8B5C2DDC-C5EC-4776-8EEE-CAC2365987B8}.Release|Any CPU.Build.0 = Release|Win32
		{8B5C2DDC-C5EC-4776-8EEE-CAC2365987B8}.Release|x86.ActiveCfg = Release|Win32
		{8B5C2DDC-C5EC-4776-8EEE-CAC2365987B8}.Release|x86.Build.0 = Release|Win32
		{16C74D91-F858-4A70-9641-9228D80A24C0}.Debug UNICODE|Any CPU.ActiveCfg = Release|Win32
		{16C74D91-F858-4A70-9641-9228D80A24C0}.Debug UNICODE|Any CPU.Build.0 = Release|Win32
		{16C74D91-F858-4A70-9641-9228D80A24C0}.Debug UNICODE|x86.ActiveCfg = Debug|Win32
		{16C74D91-F858-4A70-9641-9228D80A24C0}.Debug UNICODE|x86.Build.0 = Debug|Win32
		{16C74D91-F858-4A70-9641-9228D80A24C0}.Debug|Any CPU.ActiveCfg = Debug|Win32
		{16C74D91-F858-4A70-9641-9228D80A24C0}.Debug|Any CPU.Build.0 = Debug|Win32
		{16C74D91-F858-4A70-9641-9228D80A24C0}.Debug|x86.ActiveCfg = Debug|Win32
		{16C74D91-F858-4A70-9641-9228D80A24C0}.Debug|x86.Build.0 = Debug|Win32
		{16C74D91-F858-4A70-9641-9228D80A24C0}.Release UNICODE|Any CPU.ActiveCfg = Release|Win32
		{16C74D91-F858-4A70-9641-9228D80A24C0}.Release UNICODE|Any CPU.Build.0 = Release|Win32
		{16C74D91-F858-4A70-9641-9228D80A24C0}.Release UNICODE|x86.ActiveCfg = Release|Win32
		{16C74D91-F858-4A70-9641-9228D80A24C0}.Release UNICODE|x86.Build.0 = Release|Win32
		{16C74D91-F858-4A70-9641-9228D80A24C0}.Release|Any CPU.ActiveCfg = Release|Win32
		{16C74D91-F858-4A70-9641-9228D80A24C0}.Release|Any CPU.Build.0 = Release|Win32
		{16C74D91-F858-4A70-9641-9228D80A24C0}.Release|x86.ActiveCfg = Release|Win32
		{16C74D91-F858-4A70-9641-9228D80A24C0}.Release|x86.Build.0 = Release|Win32
		{D8A23079-A479-4E0E-9777-32EEF436549D}.Debug UNICODE|Any CPU.ActiveCfg = Release|Win32
		{D8A23079-A479-4E0E-9777-32EEF436549D}.Debug UNICODE|Any CPU.Build.0 = Release|Win32
		{D8A23079-A479-4E0E-9777-32EEF436549D}.Debug UNICODE|x86.ActiveCfg = Debug|Win32
		{D8A23079-A479-4E0E-9777-32EEF436549D}.Debug UNICODE|x86.Build.0 = Debug|Win32
		{D8A23079-A479-4E0E-9777-32EEF436549D}.Debug|Any CPU.ActiveCfg = Debug|Win32
		{D8A23079-A479-4E0E-9777-32EEF436549D}.Debug|Any CPU.Build.0 = Debug|Win32
		{D8A23079-A479-4E0E-9777-32EEF436549D}.Debug|x86.ActiveCfg = Debug|Win32
		{D8A23079-A479-4E0E-9777-32EEF436549D}.Debug|x86.Build.0 = Debug|Win32
		{D8A23079-A479-4E0E-9777-32EEF436549D}.Release UNICODE|Any CPU.ActiveCfg = Release|Win32
		{D8A23079-A479-4E0E-9777-32EEF436549D}.Release UNICODE|Any CPU.Build.0 = Release|Win32
		{D8A23079-A479-4E0E-9777-32EEF436549D}.Release UNICODE|x86.ActiveCfg = Release|Win32
		{D8A23079-A479-4E0E-9777-32EEF436549D}.Release UNICODE|x86.Build.0 = Release|Win32
		{D8A23079-A479-4E0E-9777-32EEF436549D}.Release|Any CPU.ActiveCfg = Release|Win32
		{D8A23079-A479-4E0E-9777-32EEF436549D}.Release|Any CPU.Build.0 = Release|Win32
		{D8A23079-A479-4E0E-9777-32EEF436549D}.Release|x86.ActiveCfg = Release|Win32
		{D8A23079-A479-4E0E-9777-32EEF436549D}.Release|x86.Build.0 = Release|Win32
	EndGlobalSection
	GlobalSection(SolutionProperties) = preSolution
		HideSolutionNode = FALSE
	EndGlobalSection
	GlobalSection(NestedProjects) = preSolution
		{8B5C2DDC-C5EC-4776-8EEE-CAC2365987B8} = {B9AE808B-52B4-48EC-B38D-C8EFB2C567C6}
		{16C74D91-F858-4A70-9641-9228D80A24C0} = {B9AE808B-52B4-48EC-B38D-C8EFB2C567C6}
		{D8A23079-A479-4E0E-9777-32EEF436549D} = {B9AE808B-52B4-48EC-B38D-C8EFB2C567C6}
	EndGlobalSection
	GlobalSection(ExtensibilityGlobals) = postSolution
		SolutionGuid = {4E770007-ED1C-460D-ACFC-9DD702614DA7}
	EndGlobalSection
EndGlobal
